
Microsoft Visual Studio Solution File, Format Version 12.00
# Visual Studio Version 17
VisualStudioVersion = 17.11.35327.3
MinimumVisualStudioVersion = 10.0.40219.1
Project("{FAE04EC0-301F-11D3-BF4B-00C04F79EFBC}") = "ProjektWypozyczalnia", "ProjektWypozyczalnia\ProjektWypozyczalnia.csproj", "{014FE25B-96C1-4052-BCF1-3C5DDB81BE09}"
EndProject
Global
	GlobalSection(SolutionConfigurationPlatforms) = preSolution
		Debug|Any CPU = Debug|Any CPU
		Release|Any CPU = Release|Any CPU
	EndGlobalSection
	GlobalSection(ProjectConfigurationPlatforms) = postSolution
		{014FE25B-96C1-4052-BCF1-3C5DDB81BE09}.Debug|Any CPU.ActiveCfg = Debug|Any CPU
		{014FE25B-96C1-4052-BCF1-3C5DDB81BE09}.Debug|Any CPU.Build.0 = Debug|Any CPU
		{014FE25B-96C1-4052-BCF1-3C5DDB81BE09}.Release|Any CPU.ActiveCfg = Release|Any CPU
		{014FE25B-96C1-4052-BCF1-3C5DDB81BE09}.Release|Any CPU.Build.0 = Release|Any CPU
	EndGlobalSection
	GlobalSection(SolutionProperties) = preSolution
		HideSolutionNode = FALSE
	EndGlobalSection
	GlobalSection(ExtensibilityGlobals) = postSolution
		SolutionGuid = {177C95A5-37BE-433F-BBB0-1394FEF2BF6E}
	EndGlobalSection
EndGlobal
